
Microsoft Visual Studio Solution File, Format Version 12.00
# Visual Studio Version 17
VisualStudioVersion = 17.14.36109.1 d17.14
MinimumVisualStudioVersion = 10.0.40219.1
Project("{FAE04EC0-301F-11D3-BF4B-00C04F79EFBC}") = "Backend", "Backend\Backend.csproj", "{1C865AC5-D599-4A3E-AC4F-EA53A9EC2344}"
EndProject
Global
	GlobalSection(SolutionConfigurationPlatforms) = preSolution
		Debug|Any CPU = Debug|Any CPU
		Release|Any CPU = Release|Any CPU
	EndGlobalSection
	GlobalSection(ProjectConfigurationPlatforms) = postSolution
		{1C865AC5-D599-4A3E-AC4F-EA53A9EC2344}.Debug|Any CPU.ActiveCfg = Debug|Any CPU
		{1C865AC5-D599-4A3E-AC4F-EA53A9EC2344}.Debug|Any CPU.Build.0 = Debug|Any CPU
		{1C865AC5-D599-4A3E-AC4F-EA53A9EC2344}.Release|Any CPU.ActiveCfg = Release|Any CPU
		{1C865AC5-D599-4A3E-AC4F-EA53A9EC2344}.Release|Any CPU.Build.0 = Release|Any CPU
	EndGlobalSection
	GlobalSection(SolutionProperties) = preSolution
		HideSolutionNode = FALSE
	EndGlobalSection
	GlobalSection(ExtensibilityGlobals) = postSolution
		SolutionGuid = {0B35B6B3-EA09-46B9-AE69-C493FA2D048A}
	EndGlobalSection
EndGlobal
